
Microsoft Visual Studio Solution File, Format Version 12.00
# Visual Studio Version 16
VisualStudioVersion = 16.0.29009.5
MinimumVisualStudioVersion = 10.0.40219.1
Project("{FAE04EC0-301F-11D3-BF4B-00C04F79EFBC}") = "HelloApp.ClassLibrary", "HelloApp.ClassLibrary\HelloApp.ClassLibrary.csproj", "{BD505A75-4EF2-4232-B8D8-A3F2A0E4686F}"
EndProject
Project("{FAE04EC0-301F-11D3-BF4B-00C04F79EFBC}") = "HelloApp.ClassLibrary.Tests", "HelloApp.ClassLibrary.Tests\HelloApp.ClassLibrary.Tests.csproj", "{B0E2B9BD-DFCB-4F1A-8860-BE14E654C9EE}"
EndProject
Global
	GlobalSection(SolutionConfigurationPlatforms) = preSolution
		Debug|Any CPU = Debug|Any CPU
		LibOnly|Any CPU = LibOnly|Any CPU
		Release|Any CPU = Release|Any CPU
	EndGlobalSection
	GlobalSection(ProjectConfigurationPlatforms) = postSolution
		{BD505A75-4EF2-4232-B8D8-A3F2A0E4686F}.Debug|Any CPU.ActiveCfg = Debug|Any CPU
		{BD505A75-4EF2-4232-B8D8-A3F2A0E4686F}.Debug|Any CPU.Build.0 = Debug|Any CPU
		{BD505A75-4EF2-4232-B8D8-A3F2A0E4686F}.LibOnly|Any CPU.ActiveCfg = LibOnly|Any CPU
		{BD505A75-4EF2-4232-B8D8-A3F2A0E4686F}.LibOnly|Any CPU.Build.0 = LibOnly|Any CPU
		{BD505A75-4EF2-4232-B8D8-A3F2A0E4686F}.Release|Any CPU.ActiveCfg = Release|Any CPU
		{BD505A75-4EF2-4232-B8D8-A3F2A0E4686F}.Release|Any CPU.Build.0 = Release|Any CPU
		{B0E2B9BD-DFCB-4F1A-8860-BE14E654C9EE}.Debug|Any CPU.ActiveCfg = Debug|Any CPU
		{B0E2B9BD-DFCB-4F1A-8860-BE14E654C9EE}.Debug|Any CPU.Build.0 = Debug|Any CPU
		{B0E2B9BD-DFCB-4F1A-8860-BE14E654C9EE}.LibOnly|Any CPU.ActiveCfg = LibOnly|Any CPU
		{B0E2B9BD-DFCB-4F1A-8860-BE14E654C9EE}.LibOnly|Any CPU.Build.0 = LibOnly|Any CPU
		{B0E2B9BD-DFCB-4F1A-8860-BE14E654C9EE}.Release|Any CPU.ActiveCfg = Release|Any CPU
		{B0E2B9BD-DFCB-4F1A-8860-BE14E654C9EE}.Release|Any CPU.Build.0 = Release|Any CPU
	EndGlobalSection
	GlobalSection(SolutionProperties) = preSolution
		HideSolutionNode = FALSE
	EndGlobalSection
	GlobalSection(ExtensibilityGlobals) = postSolution
		SolutionGuid = {3142E935-1D59-462A-800E-902F30ACA4AF}
	EndGlobalSection
EndGlobal
